
Microsoft Visual Studio Solution File, Format Version 12.00
# Visual Studio Version 16
VisualStudioVersion = 16.0.29326.143
MinimumVisualStudioVersion = 15.0.26124.0
Project("{9A19103F-16F7-4668-BE54-9A1E7A4F7556}") = "generator", "src\generator\generator.csproj", "{F420D4D0-8E0A-4605-AD2E-0E5BAFB99D4E}"
EndProject
Project("{9A19103F-16F7-4668-BE54-9A1E7A4F7556}") = "generator.tool", "src\generator.tool\generator.tool.csproj", "{82EDF0FC-EF90-4220-AF9D-AEF0793BA13F}"
EndProject
Project("{9A19103F-16F7-4668-BE54-9A1E7A4F7556}") = "generator.samples.prototype", "samples\generator.samples.prototype\generator.samples.prototype.csproj", "{B6536971-293C-44BB-B987-8A2E81428A2D}"
EndProject
Project("{2150E333-8FDC-42A3-9474-1A3956D46DE8}") = "Solution Items", "Solution Items", "{0F5C3356-DC59-43FE-B6C1-294161B2ACA2}"
	ProjectSection(SolutionItems) = preProject
		azure-pipelines.yml = azure-pipelines.yml
		Directory.Build.props = Directory.Build.props
	EndProjectSection
EndProject
Project("{9A19103F-16F7-4668-BE54-9A1E7A4F7556}") = "generator.core", "src\generator.core\generator.core.csproj", "{3FD60A70-8595-416D-8865-E73CF7A51F91}"
EndProject
Project("{9A19103F-16F7-4668-BE54-9A1E7A4F7556}") = "generator.msbuild.tests", "tests\generator.msbuild.tests\generator.msbuild.tests.csproj", "{4863003E-E5B0-47C6-BBC9-5563724B79D0}"
EndProject
Project("{9A19103F-16F7-4668-BE54-9A1E7A4F7556}") = "generator.integration.tests", "tests\generator.integration.tests\generator.integration.tests.csproj", "{3A5DF06F-CC23-4A84-B8CD-78A0FE95C4AD}"
EndProject
Global
	GlobalSection(SolutionConfigurationPlatforms) = preSolution
		Debug|Any CPU = Debug|Any CPU
		Debug|x64 = Debug|x64
		Debug|x86 = Debug|x86
		Release|Any CPU = Release|Any CPU
		Release|x64 = Release|x64
		Release|x86 = Release|x86
	EndGlobalSection
	GlobalSection(ProjectConfigurationPlatforms) = postSolution
		{F420D4D0-8E0A-4605-AD2E-0E5BAFB99D4E}.Debug|Any CPU.ActiveCfg = Debug|Any CPU
		{F420D4D0-8E0A-4605-AD2E-0E5BAFB99D4E}.Debug|Any CPU.Build.0 = Debug|Any CPU
		{F420D4D0-8E0A-4605-AD2E-0E5BAFB99D4E}.Debug|x64.ActiveCfg = Debug|Any CPU
		{F420D4D0-8E0A-4605-AD2E-0E5BAFB99D4E}.Debug|x64.Build.0 = Debug|Any CPU
		{F420D4D0-8E0A-4605-AD2E-0E5BAFB99D4E}.Debug|x86.ActiveCfg = Debug|Any CPU
		{F420D4D0-8E0A-4605-AD2E-0E5BAFB99D4E}.Debug|x86.Build.0 = Debug|Any CPU
		{F420D4D0-8E0A-4605-AD2E-0E5BAFB99D4E}.Release|Any CPU.ActiveCfg = Release|Any CPU
		{F420D4D0-8E0A-4605-AD2E-0E5BAFB99D4E}.Release|Any CPU.Build.0 = Release|Any CPU
		{F420D4D0-8E0A-4605-AD2E-0E5BAFB99D4E}.Release|x64.ActiveCfg = Release|Any CPU
		{F420D4D0-8E0A-4605-AD2E-0E5BAFB99D4E}.Release|x64.Build.0 = Release|Any CPU
		{F420D4D0-8E0A-4605-AD2E-0E5BAFB99D4E}.Release|x86.ActiveCfg = Release|Any CPU
		{F420D4D0-8E0A-4605-AD2E-0E5BAFB99D4E}.Release|x86.Build.0 = Release|Any CPU
		{82EDF0FC-EF90-4220-AF9D-AEF0793BA13F}.Debug|Any CPU.ActiveCfg = Debug|Any CPU
		{82EDF0FC-EF90-4220-AF9D-AEF0793BA13F}.Debug|Any CPU.Build.0 = Debug|Any CPU
		{82EDF0FC-EF90-4220-AF9D-AEF0793BA13F}.Debug|x64.ActiveCfg = Debug|Any CPU
		{82EDF0FC-EF90-4220-AF9D-AEF0793BA13F}.Debug|x64.Build.0 = Debug|Any CPU
		{82EDF0FC-EF90-4220-AF9D-AEF0793BA13F}.Debug|x86.ActiveCfg = Debug|Any CPU
		{82EDF0FC-EF90-4220-AF9D-AEF0793BA13F}.Debug|x86.Build.0 = Debug|Any CPU
		{82EDF0FC-EF90-4220-AF9D-AEF0793BA13F}.Release|Any CPU.ActiveCfg = Release|Any CPU
		{82EDF0FC-EF90-4220-AF9D-AEF0793BA13F}.Release|Any CPU.Build.0 = Release|Any CPU
		{82EDF0FC-EF90-4220-AF9D-AEF0793BA13F}.Release|x64.ActiveCfg = Release|Any CPU
		{82EDF0FC-EF90-4220-AF9D-AEF0793BA13F}.Release|x64.Build.0 = Release|Any CPU
		{82EDF0FC-EF90-4220-AF9D-AEF0793BA13F}.Release|x86.ActiveCfg = Release|Any CPU
		{82EDF0FC-EF90-4220-AF9D-AEF0793BA13F}.Release|x86.Build.0 = Release|Any CPU
		{B6536971-293C-44BB-B987-8A2E81428A2D}.Debug|Any CPU.ActiveCfg = Debug|Any CPU
		{B6536971-293C-44BB-B987-8A2E81428A2D}.Debug|Any CPU.Build.0 = Debug|Any CPU
		{B6536971-293C-44BB-B987-8A2E81428A2D}.Debug|x64.ActiveCfg = Debug|Any CPU
		{B6536971-293C-44BB-B987-8A2E81428A2D}.Debug|x64.Build.0 = Debug|Any CPU
		{B6536971-293C-44BB-B987-8A2E81428A2D}.Debug|x86.ActiveCfg = Debug|Any CPU
		{B6536971-293C-44BB-B987-8A2E81428A2D}.Debug|x86.Build.0 = Debug|Any CPU
		{B6536971-293C-44BB-B987-8A2E81428A2D}.Release|Any CPU.ActiveCfg = Release|Any CPU
		{B6536971-293C-44BB-B987-8A2E81428A2D}.Release|Any CPU.Build.0 = Release|Any CPU
		{B6536971-293C-44BB-B987-8A2E81428A2D}.Release|x64.ActiveCfg = Release|Any CPU
		{B6536971-293C-44BB-B987-8A2E81428A2D}.Release|x64.Build.0 = Release|Any CPU
		{B6536971-293C-44BB-B987-8A2E81428A2D}.Release|x86.ActiveCfg = Release|Any CPU
		{B6536971-293C-44BB-B987-8A2E81428A2D}.Release|x86.Build.0 = Release|Any CPU
		{3FD60A70-8595-416D-8865-E73CF7A51F91}.Debug|Any CPU.ActiveCfg = Debug|Any CPU
		{3FD60A70-8595-416D-8865-E73CF7A51F91}.Debug|Any CPU.Build.0 = Debug|Any CPU
		{3FD60A70-8595-416D-8865-E73CF7A51F91}.Debug|x64.ActiveCfg = Debug|Any CPU
		{3FD60A70-8595-416D-8865-E73CF7A51F91}.Debug|x64.Build.0 = Debug|Any CPU
		{3FD60A70-8595-416D-8865-E73CF7A51F91}.Debug|x86.ActiveCfg = Debug|Any CPU
		{3FD60A70-8595-416D-8865-E73CF7A51F91}.Debug|x86.Build.0 = Debug|Any CPU
		{3FD60A70-8595-416D-8865-E73CF7A51F91}.Release|Any CPU.ActiveCfg = Release|Any CPU
		{3FD60A70-8595-416D-8865-E73CF7A51F91}.Release|Any CPU.Build.0 = Release|Any CPU
		{3FD60A70-8595-416D-8865-E73CF7A51F91}.Release|x64.ActiveCfg = Release|Any CPU
		{3FD60A70-8595-416D-8865-E73CF7A51F91}.Release|x64.Build.0 = Release|Any CPU
		{3FD60A70-8595-416D-8865-E73CF7A51F91}.Release|x86.ActiveCfg = Release|Any CPU
		{3FD60A70-8595-416D-8865-E73CF7A51F91}.Release|x86.Build.0 = Release|Any CPU
		{4863003E-E5B0-47C6-BBC9-5563724B79D0}.Debug|Any CPU.ActiveCfg = Debug|Any CPU
		{4863003E-E5B0-47C6-BBC9-5563724B79D0}.Debug|Any CPU.Build.0 = Debug|Any CPU
		{4863003E-E5B0-47C6-BBC9-5563724B79D0}.Debug|x64.ActiveCfg = Debug|Any CPU
		{4863003E-E5B0-47C6-BBC9-5563724B79D0}.Debug|x64.Build.0 = Debug|Any CPU
		{4863003E-E5B0-47C6-BBC9-5563724B79D0}.Debug|x86.ActiveCfg = Debug|Any CPU
		{4863003E-E5B0-47C6-BBC9-5563724B79D0}.Debug|x86.Build.0 = Debug|Any CPU
		{4863003E-E5B0-47C6-BBC9-5563724B79D0}.Release|Any CPU.ActiveCfg = Release|Any CPU
		{4863003E-E5B0-47C6-BBC9-5563724B79D0}.Release|Any CPU.Build.0 = Release|Any CPU
		{4863003E-E5B0-47C6-BBC9-5563724B79D0}.Release|x64.ActiveCfg = Release|Any CPU
		{4863003E-E5B0-47C6-BBC9-5563724B79D0}.Release|x64.Build.0 = Release|Any CPU
		{4863003E-E5B0-47C6-BBC9-5563724B79D0}.Release|x86.ActiveCfg = Release|Any CPU
		{4863003E-E5B0-47C6-BBC9-5563724B79D0}.Release|x86.Build.0 = Release|Any CPU
		{3A5DF06F-CC23-4A84-B8CD-78A0FE95C4AD}.Debug|Any CPU.ActiveCfg = Debug|Any CPU
		{3A5DF06F-CC23-4A84-B8CD-78A0FE95C4AD}.Debug|Any CPU.Build.0 = Debug|Any CPU
		{3A5DF06F-CC23-4A84-B8CD-78A0FE95C4AD}.Debug|x64.ActiveCfg = Debug|Any CPU
		{3A5DF06F-CC23-4A84-B8CD-78A0FE95C4AD}.Debug|x64.Build.0 = Debug|Any CPU
		{3A5DF06F-CC23-4A84-B8CD-78A0FE95C4AD}.Debug|x86.ActiveCfg = Debug|Any CPU
		{3A5DF06F-CC23-4A84-B8CD-78A0FE95C4AD}.Debug|x86.Build.0 = Debug|Any CPU
		{3A5DF06F-CC23-4A84-B8CD-78A0FE95C4AD}.Release|Any CPU.ActiveCfg = Release|Any CPU
		{3A5DF06F-CC23-4A84-B8CD-78A0FE95C4AD}.Release|Any CPU.Build.0 = Release|Any CPU
		{3A5DF06F-CC23-4A84-B8CD-78A0FE95C4AD}.Release|x64.ActiveCfg = Release|Any CPU
		{3A5DF06F-CC23-4A84-B8CD-78A0FE95C4AD}.Release|x64.Build.0 = Release|Any CPU
		{3A5DF06F-CC23-4A84-B8CD-78A0FE95C4AD}.Release|x86.ActiveCfg = Release|Any CPU
		{3A5DF06F-CC23-4A84-B8CD-78A0FE95C4AD}.Release|x86.Build.0 = Release|Any CPU
	EndGlobalSection
	GlobalSection(SolutionProperties) = preSolution
		HideSolutionNode = FALSE
	EndGlobalSection
	GlobalSection(ExtensibilityGlobals) = postSolution
		SolutionGuid = {F3041799-30D1-4F7F-B26C-07E1BA02C130}
	EndGlobalSection
EndGlobal
