
Microsoft Visual Studio Solution File, Format Version 12.00
# Visual Studio Version 16
VisualStudioVersion = 16.0.29326.143
MinimumVisualStudioVersion = 15.0.26124.0
Project("{9A19103F-16F7-4668-BE54-9A1E7A4F7556}") = "generator", "src\generator\generator.csproj", "{F420D4D0-8E0A-4605-AD2E-0E5BAFB99D4E}"
EndProject
Project("{9A19103F-16F7-4668-BE54-9A1E7A4F7556}") = "generator.tests", "tests\generator-tests\generator.tests.csproj", "{E3AC6777-CBF7-40D4-8ED5-D2A785092B46}"
EndProject
Project("{FAE04EC0-301F-11D3-BF4B-00C04F79EFBC}") = "generator.tool", "src\generator.tool\generator.tool.csproj", "{82EDF0FC-EF90-4220-AF9D-AEF0793BA13F}"
EndProject
Global
	GlobalSection(SolutionConfigurationPlatforms) = preSolution
		Debug|Any CPU = Debug|Any CPU
		Debug|x64 = Debug|x64
		Debug|x86 = Debug|x86
		Release|Any CPU = Release|Any CPU
		Release|x64 = Release|x64
		Release|x86 = Release|x86
	EndGlobalSection
	GlobalSection(ProjectConfigurationPlatforms) = postSolution
		{F420D4D0-8E0A-4605-AD2E-0E5BAFB99D4E}.Debug|Any CPU.ActiveCfg = Debug|Any CPU
		{F420D4D0-8E0A-4605-AD2E-0E5BAFB99D4E}.Debug|Any CPU.Build.0 = Debug|Any CPU
		{F420D4D0-8E0A-4605-AD2E-0E5BAFB99D4E}.Debug|x64.ActiveCfg = Debug|Any CPU
		{F420D4D0-8E0A-4605-AD2E-0E5BAFB99D4E}.Debug|x64.Build.0 = Debug|Any CPU
		{F420D4D0-8E0A-4605-AD2E-0E5BAFB99D4E}.Debug|x86.ActiveCfg = Debug|Any CPU
		{F420D4D0-8E0A-4605-AD2E-0E5BAFB99D4E}.Debug|x86.Build.0 = Debug|Any CPU
		{F420D4D0-8E0A-4605-AD2E-0E5BAFB99D4E}.Release|Any CPU.ActiveCfg = Release|Any CPU
		{F420D4D0-8E0A-4605-AD2E-0E5BAFB99D4E}.Release|Any CPU.Build.0 = Release|Any CPU
		{F420D4D0-8E0A-4605-AD2E-0E5BAFB99D4E}.Release|x64.ActiveCfg = Release|Any CPU
		{F420D4D0-8E0A-4605-AD2E-0E5BAFB99D4E}.Release|x64.Build.0 = Release|Any CPU
		{F420D4D0-8E0A-4605-AD2E-0E5BAFB99D4E}.Release|x86.ActiveCfg = Release|Any CPU
		{F420D4D0-8E0A-4605-AD2E-0E5BAFB99D4E}.Release|x86.Build.0 = Release|Any CPU
		{E3AC6777-CBF7-40D4-8ED5-D2A785092B46}.Debug|Any CPU.ActiveCfg = Debug|Any CPU
		{E3AC6777-CBF7-40D4-8ED5-D2A785092B46}.Debug|Any CPU.Build.0 = Debug|Any CPU
		{E3AC6777-CBF7-40D4-8ED5-D2A785092B46}.Debug|x64.ActiveCfg = Debug|Any CPU
		{E3AC6777-CBF7-40D4-8ED5-D2A785092B46}.Debug|x64.Build.0 = Debug|Any CPU
		{E3AC6777-CBF7-40D4-8ED5-D2A785092B46}.Debug|x86.ActiveCfg = Debug|Any CPU
		{E3AC6777-CBF7-40D4-8ED5-D2A785092B46}.Debug|x86.Build.0 = Debug|Any CPU
		{E3AC6777-CBF7-40D4-8ED5-D2A785092B46}.Release|Any CPU.ActiveCfg = Release|Any CPU
		{E3AC6777-CBF7-40D4-8ED5-D2A785092B46}.Release|Any CPU.Build.0 = Release|Any CPU
		{E3AC6777-CBF7-40D4-8ED5-D2A785092B46}.Release|x64.ActiveCfg = Release|Any CPU
		{E3AC6777-CBF7-40D4-8ED5-D2A785092B46}.Release|x64.Build.0 = Release|Any CPU
		{E3AC6777-CBF7-40D4-8ED5-D2A785092B46}.Release|x86.ActiveCfg = Release|Any CPU
		{E3AC6777-CBF7-40D4-8ED5-D2A785092B46}.Release|x86.Build.0 = Release|Any CPU
		{82EDF0FC-EF90-4220-AF9D-AEF0793BA13F}.Debug|Any CPU.ActiveCfg = Debug|Any CPU
		{82EDF0FC-EF90-4220-AF9D-AEF0793BA13F}.Debug|Any CPU.Build.0 = Debug|Any CPU
		{82EDF0FC-EF90-4220-AF9D-AEF0793BA13F}.Debug|x64.ActiveCfg = Debug|Any CPU
		{82EDF0FC-EF90-4220-AF9D-AEF0793BA13F}.Debug|x64.Build.0 = Debug|Any CPU
		{82EDF0FC-EF90-4220-AF9D-AEF0793BA13F}.Debug|x86.ActiveCfg = Debug|Any CPU
		{82EDF0FC-EF90-4220-AF9D-AEF0793BA13F}.Debug|x86.Build.0 = Debug|Any CPU
		{82EDF0FC-EF90-4220-AF9D-AEF0793BA13F}.Release|Any CPU.ActiveCfg = Release|Any CPU
		{82EDF0FC-EF90-4220-AF9D-AEF0793BA13F}.Release|Any CPU.Build.0 = Release|Any CPU
		{82EDF0FC-EF90-4220-AF9D-AEF0793BA13F}.Release|x64.ActiveCfg = Release|Any CPU
		{82EDF0FC-EF90-4220-AF9D-AEF0793BA13F}.Release|x64.Build.0 = Release|Any CPU
		{82EDF0FC-EF90-4220-AF9D-AEF0793BA13F}.Release|x86.ActiveCfg = Release|Any CPU
		{82EDF0FC-EF90-4220-AF9D-AEF0793BA13F}.Release|x86.Build.0 = Release|Any CPU
	EndGlobalSection
	GlobalSection(SolutionProperties) = preSolution
		HideSolutionNode = FALSE
	EndGlobalSection
	GlobalSection(ExtensibilityGlobals) = postSolution
		SolutionGuid = {F3041799-30D1-4F7F-B26C-07E1BA02C130}
	EndGlobalSection
EndGlobal
